
Microsoft Visual Studio Solution File, Format Version 12.00
# Visual Studio 15
VisualStudioVersion = 15.0.27004.2002
MinimumVisualStudioVersion = 10.0.40219.1
Project("{9A19103F-16F7-4668-BE54-9A1E7A4F7556}") = "Polynomial", "Polynomial\Polynomial.csproj", "{6E6B9D23-D759-4247-86F4-736C73194192}"
EndProject
Project("{FAE04EC0-301F-11D3-BF4B-00C04F79EFBC}") = "Polynomial.Tests", "Polynomial.Tests\Polynomial.Tests.csproj", "{A18F9DC0-3036-4512-B6B5-AE5545A1FA77}"
EndProject
Project("{9A19103F-16F7-4668-BE54-9A1E7A4F7556}") = "JaggedArraySort1", "JaggedArraySortInt\JaggedArraySort1.csproj", "{49A5638C-FDF9-4829-9679-8BF467FEAEEF}"
EndProject
Project("{FAE04EC0-301F-11D3-BF4B-00C04F79EFBC}") = "JaggedArraySort1.Tests", "JaggedArraySortInt.Tests\JaggedArraySort1.Tests.csproj", "{A533AAAA-FC18-442C-B5C9-548BE5D4576B}"
EndProject
Project("{FAE04EC0-301F-11D3-BF4B-00C04F79EFBC}") = "JaggedArraySort2", "JaggedArraySort2\JaggedArraySort2.csproj", "{970B764B-F08C-4789-8667-5056FF9763B3}"
EndProject
Global
	GlobalSection(SolutionConfigurationPlatforms) = preSolution
		Debug|Any CPU = Debug|Any CPU
		Release|Any CPU = Release|Any CPU
	EndGlobalSection
	GlobalSection(ProjectConfigurationPlatforms) = postSolution
		{6E6B9D23-D759-4247-86F4-736C73194192}.Debug|Any CPU.ActiveCfg = Debug|Any CPU
		{6E6B9D23-D759-4247-86F4-736C73194192}.Debug|Any CPU.Build.0 = Debug|Any CPU
		{6E6B9D23-D759-4247-86F4-736C73194192}.Release|Any CPU.ActiveCfg = Release|Any CPU
		{6E6B9D23-D759-4247-86F4-736C73194192}.Release|Any CPU.Build.0 = Release|Any CPU
		{A18F9DC0-3036-4512-B6B5-AE5545A1FA77}.Debug|Any CPU.ActiveCfg = Debug|Any CPU
		{A18F9DC0-3036-4512-B6B5-AE5545A1FA77}.Debug|Any CPU.Build.0 = Debug|Any CPU
		{A18F9DC0-3036-4512-B6B5-AE5545A1FA77}.Release|Any CPU.ActiveCfg = Release|Any CPU
		{A18F9DC0-3036-4512-B6B5-AE5545A1FA77}.Release|Any CPU.Build.0 = Release|Any CPU
		{49A5638C-FDF9-4829-9679-8BF467FEAEEF}.Debug|Any CPU.ActiveCfg = Debug|Any CPU
		{49A5638C-FDF9-4829-9679-8BF467FEAEEF}.Debug|Any CPU.Build.0 = Debug|Any CPU
		{49A5638C-FDF9-4829-9679-8BF467FEAEEF}.Release|Any CPU.ActiveCfg = Release|Any CPU
		{49A5638C-FDF9-4829-9679-8BF467FEAEEF}.Release|Any CPU.Build.0 = Release|Any CPU
		{A533AAAA-FC18-442C-B5C9-548BE5D4576B}.Debug|Any CPU.ActiveCfg = Debug|Any CPU
		{A533AAAA-FC18-442C-B5C9-548BE5D4576B}.Debug|Any CPU.Build.0 = Debug|Any CPU
		{A533AAAA-FC18-442C-B5C9-548BE5D4576B}.Release|Any CPU.ActiveCfg = Release|Any CPU
		{A533AAAA-FC18-442C-B5C9-548BE5D4576B}.Release|Any CPU.Build.0 = Release|Any CPU
		{970B764B-F08C-4789-8667-5056FF9763B3}.Debug|Any CPU.ActiveCfg = Debug|Any CPU
		{970B764B-F08C-4789-8667-5056FF9763B3}.Debug|Any CPU.Build.0 = Debug|Any CPU
		{970B764B-F08C-4789-8667-5056FF9763B3}.Release|Any CPU.ActiveCfg = Release|Any CPU
		{970B764B-F08C-4789-8667-5056FF9763B3}.Release|Any CPU.Build.0 = Release|Any CPU
	EndGlobalSection
	GlobalSection(SolutionProperties) = preSolution
		HideSolutionNode = FALSE
	EndGlobalSection
	GlobalSection(ExtensibilityGlobals) = postSolution
		SolutionGuid = {DD573392-F987-42CD-BAEB-574DDBF15671}
	EndGlobalSection
EndGlobal
